{
  "requires": true,
  "lockfileVersion": 1,
  "dependencies": {
    "bootstrap": {
      "version": "3.4.1",
      "resolved": "https://registry.npmjs.org/bootstrap/-/bootstrap-3.4.1.tgz",
      "integrity": "sha512-yN5oZVmRCwe5aKwzRj6736nSmKDX7pLYwsXiCj/EYmo16hODaBiT4En5btW/jhBF/seV+XMx3aYwukYC3A49DA=="
    },
    "jquery": {
      "version": "3.6.0",
      "resolved": "https://registry.npmjs.org/jquery/-/jquery-3.6.0.tgz",
      "integrity": "sha512-JVzAR/AjBvVt2BmYhxRCSYysDsPcssdmTFnzyLEts9qNwmjmu4JTAMYubEfwVOSwpQ1I1sKKFcxhZCI2buerfw=="
    },
    "layui": {
      "version": "2.6.8",
      "resolved": "https://registry.npmjs.org/layui/-/layui-2.6.8.tgz",
      "integrity": "sha512-JArJoWOU9G2GGsglt3tw1+PUyIBk/ZcX/iE4bsFN1hU9JgJlBtAhHyQhR3YRMuezKpqYaNK5374l18DqGo2Rxw=="
    }
  }
}
